cloud.google.com/go v0.26.0/go.mod h1:aQUYkXzVsufM+DwF1aE+0xfcU+56JwCaLick0ClmMTw=
decred.org/cspp v0.2.0/go.mod h1:KVnB49sueBFCldRa/ivZCaWZbrPNEiXWwxHCf1jTYKI=
decred.org/cspp v0.3.0 h1:2AkSsWzA7HIMZImfw0gT82Gdp8OXIM4NsBn7vna22uE=
decred.org/cspp v0.3.0/go.mod h1:UygjYilC94dER3BEU65Zzyoqy9ngJfWCD2rdJqvUs2A=
decred.org/dcrdex v0.1.5 h1:jVBQusvdH+kp0O5xGH82sD+XIbg4UG8OjLvefXDILwE=
decred.org/dcrdex v0.1.5/go.mod h1:1Ka70gzWkj9Dzx2srGoc2enTbhPJ990SoUb/OoFi1xg=
decred.org/dcrwallet v1.6.0 h1:AyyarDNewxOEXPB8CmXioD7Dk3x6omG1hVbE9Hil9CY=
decred.org/dcrwallet/v2 v2.0.0-20210212190322-d4196f151e05 h1:pmsaZKmk9nKM0z0zCbykBppCtpXMPHfbDq/XUVpgQ0g=
decred.org/dcrwallet/v2 v2.0.0-20210212190322-d4196f151e05/go.mod h1:58C+PbYDcrNIOBa8X0yY4R6POuy86eWxJTTCzEchf0E=
github.com/BurntSushi/toml v0.3.1/go.mod h1:xHWCNGjB5oqiDr8zfno3MHue2Ht5sIBksp03qcyfWMU=
github.com/aead/siphash v1.0.1 h1:FwHfE/T45KPKYuuSAKyyvE+oPWcaQ+CUmFW0bPlM+kg=
github.com/aead/siphash v1.0.1/go.mod h1:Nywa3cDsYNNK3gaciGTWPwHt0wlpNV15vwmswBAUSII=
github.com/agl/ed25519 v0.0.0-20170116200512-5312a6153412 h1:w1UutsfOrms1J05zt7ISrnJIXKzwaspym5BTKGx93EI=
github.com/agl/ed25519 v0.0.0-20170116200512-5312a6153412/go.mod h1:WPjqKcmVOxf0XSf3YxCJs6N6AOSrOx3obionmG7T0y0=
github.com/btcsuite/btcd v0.0.0-20190824003749-130ea5bddde3/go.mod h1:3J08xEfcugPacsc34/LKRU2yO7YmuT8yt28J8k2+rrI=
github.com/btcsuite/btcd v0.20.1-beta/go.mod h1:wVuoA8VJLEcwgqHBwHmzLRazpKxTv13Px/pDuV7OomQ=
github.com/btcsuite/btcd v0.20.1-beta.0.20200513120220-b470eee47728 h1:kF1MN22IdIZ1I7VMgS5WuihFuYaWOoP69Btm4bLUBxY=
github.com/btcsuite/btcd v0.20.1-beta.0.20200513120220-b470eee47728/go.mod h1:wVuoA8VJLEcwgqHBwHmzLRazpKxTv13Px/pDuV7OomQ=
github.com/btcsuite/btcd v0.20.1-beta.0.20200615134404-e4f59022a387/go.mod h1:Yktc19YNjh/Iz2//CX0vfRTS4IJKM/RKO5YZ9Fn+Pgo=
github.com/btcsuite/btcd v0.21.0-beta h1:At9hIZdJW0s9E/fAz28nrz6AmcNlSVucCH796ZteX1M=
github.com/btcsuite/btcd v0.21.0-beta/go.mod h1:ZSWyehm27aAuS9bvkATT+Xte3hjHZ+MRgMY/8NJ7K94=
github.com/btcsuite/btclog v0.0.0-20170628155309-84c8d2346e9f h1:bAs4lUbRJpnnkd9VhRV3jjAVU7DJVjMaK+IsvSeZvFo=
github.com/btcsuite/btclog v0.0.0-20170628155309-84c8d2346e9f/go.mod h1:TdznJufoqS23FtqVCzL0ZqgP5MqXbb4fg/WgDys70nA=
github.com/btcsuite/btcutil v0.0.0-20190425235716-9e5f4b9a998d h1:yJzD/yFppdVCf6ApMkVy8cUxV0XrxdP9rVf6D87/Mng=
github.com/btcsuite/btcutil v0.0.0-20190425235716-9e5f4b9a998d/go.mod h1:+5NJ2+qvTyV9exUAL/rxXi3DcLg2Ts+ymUAY5y4NvMg=
github.com/btcsuite/btcutil v1.0.2 h1:9iZ1Terx9fMIOtq1VrwdqfsATL9MC2l8ZrUY6YZ2uts=
github.com/btcsuite/btcutil v1.0.2/go.mod h1:j9HUFwoQRsZL3V4n+qG+CUnEGHOarIxfC3Le2Yhbcts=
github.com/btcsuite/btcutil/psbt v1.0.3-0.20200826194809-5f93e33af2b0 h1:3Zumkyl6PWyHuVJ04me0xeD9CnPOhNgeGpapFbzy7O4=
github.com/btcsuite/btcutil/psbt v1.0.3-0.20200826194809-5f93e33af2b0/go.mod h1:LVveMu4VaNSkIRTZu2+ut0HDBRuYjqGocxDMNS1KuGQ=
github.com/btcsuite/btcwallet v0.11.0 h1:XhwqdhEchy5a0q6R+y3F82roD2hYycPCHovgNyJS08w=
github.com/btcsuite/btcwallet v0.11.0/go.mod h1:qtPAohN1ioo0pvJt/j7bZM8ANBWlYWVCVFL0kkijs7s=
github.com/btcsuite/btcwallet v0.11.1-0.20201119022810-664f77ded195 h1:QjMLhLVZlpMjgWH5FK0dvwcXAhO2/80g4opgUDa9mAQ=
github.com/btcsuite/btcwallet v0.11.1-0.20201119022810-664f77ded195/go.mod h1:owv9oZqM0HnUW+ByF7VqOgfs2eb0ooiePW/+Tl/i/Nk=
github.com/btcsuite/btcwallet v0.11.1-0.20210217230627-39cbb7bdd98a h1:Nl3xXfJ5fJdxUTh60Ox/bynb/73291jnrF9whbQD3kg=
github.com/btcsuite/btcwallet v0.11.1-0.20210217230627-39cbb7bdd98a/go.mod h1:P1U4LKSB/bhFQdOM7ab1XqNoBGFyFAe7eKObEBD9mIo=
github.com/btcsuite/btcwallet/wallet/txauthor v1.0.0 h1:KGHMW5sd7yDdDMkCZ/JpP0KltolFsQcB973brBnfj4c=
github.com/btcsuite/btcwallet/wallet/txauthor v1.0.0/go.mod h1:VufDts7bd/zs3GV13f/lXc/0lXrPnvxD/NvmpG/FEKU=
github.com/btcsuite/btcwallet/wallet/txrules v1.0.0 h1:2VsfS0sBedcM5KmDzRMT3+b6xobqWveZGvjb+jFez5w=
github.com/btcsuite/btcwallet/wallet/txrules v1.0.0/go.mod h1:UwQE78yCerZ313EXZwEiu3jNAtfXj2n2+c8RWiE/WNA=
github.com/btcsuite/btcwallet/wallet/txsizes v1.0.0 h1:6DxkcoMnCPY4E9cUDPB5tbuuf40SmmMkSQkoE8vCT+s=
github.com/btcsuite/btcwallet/wallet/txsizes v1.0.0/go.mod h1:pauEU8UuMFiThe5PB3EO+gO5kx87Me5NvdQDsTuq6cs=
github.com/btcsuite/btcwallet/walletdb v1.0.0 h1:mheT7vCWK5EP6rZzhxsQ7ms9+yX4VE8bwiJctECBeNw=
github.com/btcsuite/btcwallet/walletdb v1.0.0/go.mod h1:bZTy9RyYZh9fLnSua+/CD48TJtYJSHjjYcSaszuxCCk=
github.com/btcsuite/btcwallet/walletdb v1.3.2/go.mod h1:GZCMPNpUu5KE3ASoVd+k06p/1OW8OwNGCCaNWRto2cQ=
github.com/btcsuite/btcwallet/walletdb v1.3.3 h1:u6e7vRIKBF++cJy+hOHaMGg+88ZTwvpaY27AFvtB668=
github.com/btcsuite/btcwallet/walletdb v1.3.3/go.mod h1:oJDxAEUHVtnmIIBaa22wSBPTVcs6hUp5NKWmI8xDwwU=
github.com/btcsuite/btcwallet/walletdb v1.3.4 h1:ExdPQSfYRLoYMEENsjWyl4w0PePLm9w3wg69nsRS2xc=
github.com/btcsuite/btcwallet/walletdb v1.3.4/go.mod h1:oJDxAEUHVtnmIIBaa22wSBPTVcs6hUp5NKWmI8xDwwU=
github.com/btcsuite/btcwallet/wtxmgr v1.0.0 h1:aIHgViEmZmZfe0tQQqF1xyd2qBqFWxX5vZXkkbjtbeA=
github.com/btcsuite/btcwallet/wtxmgr v1.0.0/go.mod h1:vc4gBprll6BP0UJ+AIGDaySoc7MdAmZf8kelfNb8CFY=
github.com/btcsuite/btcwallet/wtxmgr v1.2.0 h1:ZUYPsSv8GjF9KK7lboB2OVHF0uYEcHxgrCfFWqPd9NA=
github.com/btcsuite/btcwallet/wtxmgr v1.2.0/go.mod h1:h8hkcKUE3X7lMPzTUoGnNiw5g7VhGrKEW3KpR2r0VnY=
github.com/btcsuite/go-socks v0.0.0-20170105172521-4720035b7bfd h1:R/opQEbFEy9JGkIguV40SvRY1uliPX8ifOvi6ICsFCw=
github.com/btcsuite/go-socks v0.0.0-20170105172521-4720035b7bfd/go.mod h1:HHNXQzUsZCxOoE+CPiyCTO6x34Zs86zZUiwtpXoGdtg=
github.com/btcsuite/goleveldb v0.0.0-20160330041536-7834afc9e8cd/go.mod h1:F+uVaaLLH7j4eDXPRvw78tMflu7Ie2bzYOH4Y8rRKBY=
github.com/btcsuite/goleveldb v1.0.0 h1:Tvd0BfvqX9o823q1j2UZ/epQo09eJh6dTcRp79ilIN4=
github.com/btcsuite/goleveldb v1.0.0/go.mod h1:QiK9vBlgftBg6rWQIj6wFzbPfRjiykIEhBH4obrXJ/I=
github.com/btcsuite/snappy-go v0.0.0-20151229074030-0bdef8d06723/go.mod h1:8woku9dyThutzjeg+3xrA5iCpBRH8XEEg3lh6TiUghc=
github.com/btcsuite/snappy-go v1.0.0 h1:ZxaA6lo2EpxGddsA8JwWOcxlzRybb444sgmeJQMJGQE=
github.com/btcsuite/snappy-go v1.0.0/go.mod h1:8woku9dyThutzjeg+3xrA5iCpBRH8XEEg3lh6TiUghc=
github.com/btcsuite/websocket v0.0.0-20150119174127-31079b680792 h1:R8vQdOQdZ9Y3SkEwmHoWBmX1DNXhXZqlTpq6s4tyJGc=
github.com/btcsuite/websocket v0.0.0-20150119174127-31079b680792/go.mod h1:ghJtEyQwv5/p4Mg4C0fgbePVuGr935/5ddU9Z3TmDRY=
github.com/btcsuite/winsvc v1.0.0 h1:J9B4L7e3oqhXOcm+2IuNApwzQec85lE+QaikUcCs+dk=
github.com/btcsuite/winsvc v1.0.0/go.mod h1:jsenWakMcC0zFBFurPLEAyrnc/teJEM1O46fmI40EZs=
github.com/census-instrumentation/opencensus-proto v0.2.1/go.mod h1:f6KPmirojxKA12rnyqOA5BBL4O983OfeGPqjHWSTneU=
github.com/client9/misspell v0.3.4/go.mod h1:qj6jICC3Q7zFZvVWo7KLAzC3yx5G7kyvSDkc90ppPyw=
github.com/cncf/udpa/go v0.0.0-20191209042840-269d4d468f6f/go.mod h1:M8M6+tZqaGXZJjfX53e64911xZQV5JYwmTeXPW+k8Sc=
github.com/coreos/bbolt v1.3.3/go.mod h1:iRUV2dpdMOn7Bo10OQBFzIJO9kkE559Wcmn+qkEiiKk=
github.com/davecgh/go-spew v0.0.0-20171005155431-ecdeabc65495/go.mod h1:J7Y8YcW2NihsgmVo/mv3lAwl/skON4iLHjSsI+c5H38=
github.com/davecgh/go-spew v1.1.0/go.mod h1:J7Y8YcW2NihsgmVo/mv3lAwl/skON4iLHjSsI+c5H38=
github.com/davecgh/go-spew v1.1.1 h1:vj9j/u1bqnvCEfJOwUhtlOARqs3+rkHYY13jYWTU97c=
github.com/davecgh/go-spew v1.1.1/go.mod h1:J7Y8YcW2NihsgmVo/mv3lAwl/skON4iLHjSsI+c5H38=
github.com/dchest/blake256 v1.0.0/go.mod h1:xXNWCE1jsAP8DAjP+rKw2MbeqLczjI3TRx2VK+9OEYY=
github.com/dchest/siphash v1.2.1 h1:4cLinnzVJDKxTCl9B01807Yiy+W7ZzVHj/KIroQRvT4=
github.com/dchest/siphash v1.2.1/go.mod h1:q+IRvb2gOSrUnYoPqHiyHXS0FOBBOdl6tONBlVnOnt4=
github.com/decred/base58 v1.0.0/go.mod h1:LLY1p5e3g91byL/UO1eiZaYd+uRoVRarybgcoymu9Ks=
github.com/decred/base58 v1.0.1/go.mod h1:H2ENcsJjye1G7CbRa67kV9OFaui0LGr56ntKKoY5g9c=
github.com/decred/base58 v1.0.3 h1:KGZuh8d1WEMIrK0leQRM47W85KqCAdl2N+uagbctdDI=
github.com/decred/base58 v1.0.3/go.mod h1:pXP9cXCfM2sFLb2viz2FNIdeMWmZDBKG3ZBYbiSM78E=
github.com/decred/dcrd v1.3.0 h1:EEXm7BdiROfazDtuFsOu9mfotnyy00bgCuVwUqaszFo=
github.com/decred/dcrd/addrmgr v1.2.0/go.mod h1:QlZF9vkzwYh0qs25C76SAFZBRscjETga/K28GEE6qIc=
github.com/decred/dcrd/blockchain/stake/v2 v2.0.0/go.mod h1:jv/rKMcZ87lhvVkHot/tElxeAYEUJ3mnKPHJ7WPq86U=
github.com/decred/dcrd/blockchain/stake/v2 v2.0.2/go.mod h1:o2TT/l/YFdrt15waUdlZ3g90zfSwlA0WgQqHV9UGJF4=
github.com/decred/dcrd/blockchain/stake/v4 v4.0.0-20210129192908-660d0518b4cf h1:oj/l33YM35vDT55tkiDfv02eMxL01sYxdYiLB4YptVY=
github.com/decred/dcrd/blockchain/stake/v4 v4.0.0-20210129192908-660d0518b4cf/go.mod h1:zALtZt59lCrhoj6dVMptHHAMw1hq0Zz9s2ZULWjhtZs=
github.com/decred/dcrd/blockchain/standalone v1.1.0/go.mod h1:6K8ZgzlWM1Kz2TwXbrtiAvfvIwfAmlzrtpA7CVPCUPE=
github.com/decred/dcrd/blockchain/standalone/v2 v2.0.0 h1:9gUuH0u/IZNPWBK9K3CxgAWPG7nTqVSsZefpGY4Okns=
github.com/decred/dcrd/blockchain/standalone/v2 v2.0.0/go.mod h1:t2qaZ3hNnxHZ5kzVJDgW5sp47/8T5hYJt7SR+/JtRhI=
github.com/decred/dcrd/blockchain/v2 v2.1.0/go.mod h1:DBmX26fUDTQocIozF44Ydo5+m+QzaC6aMYMBFFsCOJs=
github.com/decred/dcrd/blockchain/v4 v4.0.0-20210129200153-14fd1a785bf2/go.mod h1:AwWyfS769nQVXTbfwrSVsAMAwkpoU1N//6XYkYwXJUU=
github.com/decred/dcrd/certgen v1.1.0/go.mod h1:ivkPLChfjdAgFh7ZQOtl6kJRqVkfrCq67dlq3AbZBQE=
github.com/decred/dcrd/certgen v1.1.1/go.mod h1:ivkPLChfjdAgFh7ZQOtl6kJRqVkfrCq67dlq3AbZBQE=
github.com/decred/dcrd/chaincfg v1.5.1 h1:u1Xbq0VTnAXIHW5ECqrWe0VYSgf5vWHqpSiwoLBzxAQ=
github.com/decred/dcrd/chaincfg v1.5.1/go.mod h1:FukMzTjkwzjPU+hK7CqDMQe3NMbSZAYU5PAcsx1wlv0=
github.com/decred/dcrd/chaincfg v1.5.2 h1:dd6l9rqcpxg2GF5neBmE2XxRc5Lqda45fWmN4XOJRW8=
github.com/decred/dcrd/chaincfg/chainhash v1.0.1/go.mod h1:OVfvaOsNLS/A1y4Eod0Ip/Lf8qga7VXCQjUQLbkY0Go=
github.com/decred/dcrd/chaincfg/chainhash v1.0.2 h1:rt5Vlq/jM3ZawwiacWjPa+smINyLRN07EO0cNBV6DGU=
github.com/decred/dcrd/chaincfg/chainhash v1.0.2/go.mod h1:BpbrGgrPTr3YJYRN3Bm+D9NuaFd+zGyNeIKgrhCXK60=
github.com/decred/dcrd/chaincfg/v2 v2.0.2/go.mod h1:hpKvhLCDAD/xDZ3V1Pqpv9fIKVYYi11DyxETguazyvg=
github.com/decred/dcrd/chaincfg/v2 v2.1.0/go.mod h1:hpKvhLCDAD/xDZ3V1Pqpv9fIKVYYi11DyxETguazyvg=
github.com/decred/dcrd/chaincfg/v2 v2.3.0/go.mod h1:7qUJTvn+y/kswSRZ4sT2+EmvlDTDyy2InvNFtX/hxk0=
github.com/decred/dcrd/chaincfg/v3 v3.0.0 h1:+TFbu7ZmvBwM+SZz5mrj6cun9ts/6DAL5sqnsaFBHGQ=
github.com/decred/dcrd/chaincfg/v3 v3.0.0/go.mod h1:EspyubQ7D2w6tjP7rBGDIE7OTbuMgBjR2F2kZFnh31A=
github.com/decred/dcrd/connmgr/v3 v3.0.0/go.mod h1:cPI43Aggp1lOhrVG75eJ3c3BwuFx0NhT77FK34ky+ak=
github.com/decred/dcrd/crypto/blake256 v1.0.0 h1:/8DMNYp9SGi5f0w7uCm6d6M4OU2rGFK09Y2A4Xv7EE0=
github.com/decred/dcrd/crypto/blake256 v1.0.0/go.mod h1:sQl2p6Y26YV+ZOcSTP6thNdn47hh8kt6rqSlvmrXFAc=
github.com/decred/dcrd/crypto/ripemd160 v1.0.0/go.mod h1:F0H8cjIuWTRoixr/LM3REB8obcWkmYx0gbxpQWR8RPg=
github.com/decred/dcrd/crypto/ripemd160 v1.0.1 h1:TjRL4LfftzTjXzaufov96iDAkbY2R3aTvH2YMYa1IOc=
github.com/decred/dcrd/crypto/ripemd160 v1.0.1/go.mod h1:F0H8cjIuWTRoixr/LM3REB8obcWkmYx0gbxpQWR8RPg=
github.com/decred/dcrd/database/v2 v2.0.0/go.mod h1:Sj2lvTRB0mfSu9uD7ObfwCY/eJ954GFU/X+AndJIyfE=
github.com/decred/dcrd/database/v2 v2.0.1/go.mod h1:ZOaWTv3IlNqCA+y7q3q5EozgmiDOmNwCSq3ntZn2CDo=
github.com/decred/dcrd/database/v2 v2.0.3-0.20210129190127-4ebd135a82f1 h1:+oUVvEK/+TQeJqJs0bbnVcs2IvFkL4Z8nIKupeFDV3A=
github.com/decred/dcrd/database/v2 v2.0.3-0.20210129190127-4ebd135a82f1/go.mod h1:C5nb1qImTy2sxAfV1KJFW6KHae+NbD6lSMJl58KY7XM=
github.com/decred/dcrd/dcrec v1.0.0 h1:W+z6Es+Rai3MXYVoPAxYr5U1DGis0Co33scJ6uH2J6o=
github.com/decred/dcrd/dcrec v1.0.0/go.mod h1:HIaqbEJQ+PDzQcORxnqen5/V1FR3B4VpIfmePklt8Q8=
github.com/decred/dcrd/dcrec/edwards v1.0.0 h1:UDcPNzclKiJlWqV3x1Fl8xMCJrolo4PB4X9t8LwKDWU=
github.com/decred/dcrd/dcrec/edwards v1.0.0/go.mod h1:HblVh1OfMt7xSxUL1ufjToaEvpbjpWvvTAUx4yem8BI=
github.com/decred/dcrd/dcrec/edwards/v2 v2.0.0/go.mod h1:d0H8xGMWbiIQP7gN3v2rByWUcuZPm9YsgmnfoxgbINc=
github.com/decred/dcrd/dcrec/edwards/v2 v2.0.1 h1:V6eqU1crZzuoFT4KG2LhaU5xDSdkHuvLQsj25wd7Wb4=
github.com/decred/dcrd/dcrec/edwards/v2 v2.0.1/go.mod h1:d0H8xGMWbiIQP7gN3v2rByWUcuZPm9YsgmnfoxgbINc=
github.com/decred/dcrd/dcrec/secp256k1 v1.0.1/go.mod h1:lhu4eZFSfTJWUnR3CFRcpD+Vta0KUAqnhTsTksHXgy0=
github.com/decred/dcrd/dcrec/secp256k1 v1.0.2 h1:awk7sYJ4pGWmtkiGHFfctztJjHMKGLV8jctGQhAbKe0=
github.com/decred/dcrd/dcrec/secp256k1 v1.0.2/go.mod h1:CHTUIVfmDDd0KFVFpNX1pFVCBUegxW387nN0IGwNKR0=
github.com/decred/dcrd/dcrec/secp256k1/v2 v2.0.0/go.mod h1:3s92l0paYkZoIHuj4X93Teg/HB7eGM9x/zokGw+u4mY=
github.com/decred/dcrd/dcrec/secp256k1/v3 v3.0.0 h1:sgNeV1VRMDzs6rzyPpxyM0jp317hnwiq58Filgag2xw=
github.com/decred/dcrd/dcrec/secp256k1/v3 v3.0.0/go.mod h1:J70FGZSbzsjecRTiTzER+3f1KZLNaXkuv+yeFTKoxM8=
github.com/decred/dcrd/dcrec/secp256k1/v4 v4.0.0-20210127014238-b33b46cf1a24 h1:L718+uXQkWq02GqdBdEAUIbBPh/Il/kudTsOEf0pItQ=
github.com/decred/dcrd/dcrec/secp256k1/v4 v4.0.0-20210127014238-b33b46cf1a24/go.mod h1:UkVqoxmJlLgUvBjJD+GdJz6mgdSdf3UjX83xfwUAYDk=
github.com/decred/dcrd/dcrjson/v3 v3.0.1/go.mod h1:fnTHev/ABGp8IxFudDhjGi9ghLiXRff1qZz/wvq12Mg=
github.com/decred/dcrd/dcrjson/v3 v3.1.0 h1:Y2VjCXCNWbNIa52wMKEuNiU+9rUgnjYb5c1JQW6PuzM=
github.com/decred/dcrd/dcrjson/v3 v3.1.0/go.mod h1:fnTHev/ABGp8IxFudDhjGi9ghLiXRff1qZz/wvq12Mg=
github.com/decred/dcrd/dcrutil v1.3.0 h1:LtKIiDnq925yJT/4OpIKKiU9/WaxfD9LfhxrpLSi0Qs=
github.com/decred/dcrd/dcrutil v1.3.0/go.mod h1:7fUT70QAarhDwQK62g92uDbbYpjXlXngpy5RBiecufo=
github.com/decred/dcrd/dcrutil/v2 v2.0.0/go.mod h1:gUshVAXpd51DlcEhr51QfWL2HJGkMDM1U8chY+9VvQg=
github.com/decred/dcrd/dcrutil/v2 v2.0.1/go.mod h1:JdEgF6eh0TTohPeiqDxqDSikTSvAczq0J7tFMyyeD+k=
github.com/decred/dcrd/dcrutil/v3 v3.0.0/go.mod h1:iVsjcqVzLmYFGCZLet2H7Nq+7imV9tYcuY+0lC2mNsY=
github.com/decred/dcrd/dcrutil/v4 v4.0.0-20210129181600-6ae0142d3b28 h1:KrZXi4s+2wyCkjREQMkoT+C4eB4yVLUU/Xtos+8n7Sc=
github.com/decred/dcrd/dcrutil/v4 v4.0.0-20210129181600-6ae0142d3b28/go.mod h1:xe59jKcMx5G/dbRmsZ8+FzY+WQDE/7YBP3k3uzJTtmI=
github.com/decred/dcrd/gcs v1.1.0/go.mod h1:yBjhj217Vw5lw3aKnCdHip7fYb9zwMos8bCy5s79M9w=
github.com/decred/dcrd/gcs/v2 v2.0.0/go.mod h1:3XjKcrtvB+r2ezhIsyNCLk6dRnXRJVyYmsd1P3SkU3o=
github.com/decred/dcrd/gcs/v3 v3.0.0-20210129195202-a4265d63b619 h1:YEx0oEkwh9uBPVzzZTkemyKieBpQwmHSI+BdW0VHoAA=
github.com/decred/dcrd/gcs/v3 v3.0.0-20210129195202-a4265d63b619/go.mod h1:aGuAajYbDJB2oal17G371wiosGgVCc5d5FlT2EwZtoE=
github.com/decred/dcrd/hdkeychain/v2 v2.1.0/go.mod h1:DR+lD4uV8G0i3c9qnUJwjiGaaEWK+nSrbWCz1BRHBL8=
github.com/decred/dcrd/hdkeychain/v3 v3.0.0 h1:hOPb4c8+K6bE3a/qFtzt2Z2yzK4SpmXmxvCTFp8vMxI=
github.com/decred/dcrd/hdkeychain/v3 v3.0.0/go.mod h1:Vz7PJSlLzhqmOR2lmjGD9JqAZgmUnM8P6r8hg7U4Zho=
github.com/decred/dcrd/lru v1.0.0/go.mod h1:mxKOwFd7lFjN2GZYsiz/ecgqR6kkYAl+0pz0tEMk218=
github.com/decred/dcrd/lru v1.1.0 h1:QwT6v8LFKOL3xQ3qtucgRk4pdiawrxIfCbUXWpm+JL4=
github.com/decred/dcrd/lru v1.1.0/go.mod h1:mxKOwFd7lFjN2GZYsiz/ecgqR6kkYAl+0pz0tEMk218=
github.com/decred/dcrd/rpc/jsonrpc/types v1.0.1/go.mod h1:dJUp9PoyFYklzmlImpVkVLOr6j4zKuUv66YgemP2sd8=
github.com/decred/dcrd/rpc/jsonrpc/types/v2 v2.0.0/go.mod h1:c5S+PtQWNIA2aUakgrLhrlopkMadcOv51dWhCEdo49c=
github.com/decred/dcrd/rpc/jsonrpc/types/v2 v2.1.0/go.mod h1:krn89ZOgSa8yc7sA4WpDK95p61NnjNWFkNlMnGrKbMc=
github.com/decred/dcrd/rpc/jsonrpc/types/v3 v3.0.0-20210129200153-14fd1a785bf2 h1:JB8FF348nqY9LAcy2JgmFrpkcfZ402uyHX6+W5TUCWk=
github.com/decred/dcrd/rpc/jsonrpc/types/v3 v3.0.0-20210129200153-14fd1a785bf2/go.mod h1:9izQEJ5wU0ZwYHESMaaOIvE6H6y3IvDsQL3ByYGn9oc=
github.com/decred/dcrd/rpcclient/v5 v5.0.0/go.mod h1:lg7e2kpulSpynHkS2JXJ+trQ4PWHaHLQcp/Q0eSIvBc=
github.com/decred/dcrd/txscript v1.1.0 h1:MwkLXdc4Yq83oeNNEQJdlBTkNlorKXn8Nd5W2JXyMZg=
github.com/decred/dcrd/txscript v1.1.0/go.mod h1:gbcq6gpGfKddPmZSKp+17ils2cLzUqHopXf8H5rCY7Y=
github.com/decred/dcrd/txscript/v2 v2.0.0/go.mod h1:WStcyYYJa+PHJB4XjrLDRzV96/Z4thtsu8mZoVrU6C0=
github.com/decred/dcrd/txscript/v2 v2.1.0/go.mod h1:XaJAVrZU4NWRx4UEzTiDAs86op1m8GRJLz24SDBKOi0=
github.com/decred/dcrd/txscript/v3 v3.0.0/go.mod h1:pdvnlD4KGdDoc09cvWRJ8EoRQUaiUz41uDevOWuEfII=
github.com/decred/dcrd/txscript/v4 v4.0.0-20210129190127-4ebd135a82f1 h1:dzmyfANMqtSWmnu2FQcgG5vicV0otdkNDJ5c1sWxu8o=
github.com/decred/dcrd/txscript/v4 v4.0.0-20210129190127-4ebd135a82f1/go.mod h1:EnS4vtxTESoI59geLo9M8AUOvIprJy+O4gSVsQp6/h4=
github.com/decred/dcrd/wire v1.2.0/go.mod h1:/JKOsLInOJu6InN+/zH5AyCq3YDIOW/EqcffvU8fJHM=
github.com/decred/dcrd/wire v1.3.0/go.mod h1:fnKGlUY2IBuqnpxx5dYRU5Oiq392OBqAuVjRVSkIoXM=
github.com/decred/dcrd/wire v1.4.0 h1:KmSo6eTQIvhXS0fLBQ/l7hG7QLcSJQKSwSyzSqJYDk0=
github.com/decred/dcrd/wire v1.4.0/go.mod h1:WxC/0K+cCAnBh+SKsRjIX9YPgvrjhmE+6pZlel1G7Ro=
github.com/decred/dcrwallet/deployments/v2 v2.0.0/go.mod h1:fY1HV1vIeeY5bHjrMknUhB/ZOVIfthBiUlSgRqFFKrg=
github.com/decred/dcrwallet/errors/v2 v2.0.0/go.mod h1:2HYvtRuCE9XqDNCWhKmBuzLG364xUgcUIsJu02r0F5Q=
github.com/decred/dcrwallet/rpc/client/dcrd v1.0.0/go.mod h1:qrJri+p+cn+obQ8nkW5hTtagPcOnCqKPGBq1t02gBc0=
github.com/decred/dcrwallet/rpc/jsonrpc/types v1.3.0/go.mod h1:Xvekb43GtfMiRbyIY4ZJ9Uhd9HRIAcnp46f3q2eIExU=
github.com/decred/dcrwallet/rpc/jsonrpc/types v1.4.0/go.mod h1:Xvekb43GtfMiRbyIY4ZJ9Uhd9HRIAcnp46f3q2eIExU=
github.com/decred/dcrwallet/validate v1.1.1/go.mod h1:T++tlVcCOh2oSrEq4r5CKCvmftaQdq9uZwO7jSNYZaw=
github.com/decred/dcrwallet/wallet/v3 v3.2.1/go.mod h1:SJ+++gtMdcUeqMv6iIO3gVGlGJfM+4iY2QSaAakhbUw=
github.com/decred/go-socks v1.1.0 h1:dnENcc0KIqQo3HSXdgboXAHgqsCIutkqq6ntQjYtm2U=
github.com/decred/go-socks v1.1.0/go.mod h1:sDhHqkZH0X4JjSa02oYOGhcGHYp12FsY1jQ/meV8md0=
github.com/decred/slog v1.0.0/go.mod h1:zR98rEZHSnbZ4WHZtO0iqmSZjDLKhkXfrPTZQKtAonQ=
github.com/decred/slog v1.1.0 h1:uz5ZFfmaexj1rEDgZvzQ7wjGkoSPjw2LCh8K+K1VrW4=
github.com/decred/slog v1.1.0/go.mod h1:kVXlGnt6DHy2fV5OjSeuvCJ0OmlmTF6LFpEPMu/fOY0=
github.com/envoyproxy/go-control-plane v0.9.0/go.mod h1:YTl/9mNaCwkRvm6d1a2C3ymFceY/DCBVvsKhRF0iEA4=
github.com/envoyproxy/go-control-plane v0.9.4/go.mod h1:6rpuAdCZL397s3pYoYcLgu1mIlRU8Am5FuJP05cCM98=
github.com/envoyproxy/protoc-gen-validate v0.1.0/go.mod h1:iSmxcyjqTsJpI2R4NaDN7+kN2VEUnK/pcBlmesArF7c=
github.com/fsnotify/fsnotify v1.4.7/go.mod h1:jwhsz4b93w/PPRr/qN1Yymfu8t87LnFCMoQvtojpjFo=
github.com/fsnotify/fsnotify v1.4.9/go.mod h1:znqG4EE+3YCdAaPaxE2ZRY/06pZUdp0tY4IgpuI1SZQ=
github.com/go-chi/chi v4.0.2+incompatible/go.mod h1:eB3wogJHnLi3x/kFX2A+IbTBlXxmMeXJVKy9tTv1XzQ=
github.com/golang/glog v0.0.0-20160126235308-23def4e6c14b/go.mod h1:SBH7ygxi8pfUlaOkMMuAQtPIUF8ecWP5IEl/CR7VP2Q=
github.com/golang/lint v0.0.0-20180702182130-06c8688daad7/go.mod h1:tluoj9z5200jBnyusfRPU2LqT6J+DAorxEvtC7LHB+E=
github.com/golang/mock v1.1.1/go.mod h1:oTYuIxOrZwtPieC+H1uAHpcLFnEyAGVDL/k47Jfbm0A=
github.com/golang/protobuf v1.2.0 h1:P3YflyNX/ehuJFLhxviNdFxQPkGK5cDcApsge1SqnvM=
github.com/golang/protobuf v1.2.0/go.mod h1:6lQm79b+lXiMfvg/cZm0SGofjICqVBUtrP5yJMmIC1U=
github.com/golang/protobuf v1.3.2/go.mod h1:6lQm79b+lXiMfvg/cZm0SGofjICqVBUtrP5yJMmIC1U=
github.com/golang/protobuf v1.3.3/go.mod h1:vzj43D7+SQXF/4pzW/hwtAqwc6iTitCiVSaWz5lYuqw=
github.com/golang/protobuf v1.4.0-rc.1/go.mod h1:ceaxUfeHdC40wWswd/P6IGgMaK3YpKi5j83Wpe3EHw8=
github.com/golang/protobuf v1.4.0-rc.1.0.20200221234624-67d41d38c208/go.mod h1:xKAWHe0F5eneWXFV3EuXVDTCmh+JuBKY0li0aMyXATA=
github.com/golang/protobuf v1.4.0-rc.2/go.mod h1:LlEzMj4AhA7rCAGe4KMBDvJI+AwstrUpVNzEA03Pprs=
github.com/golang/protobuf v1.4.0-rc.4.0.20200313231945-b860323f09d0/go.mod h1:WU3c8KckQ9AFe+yFwt9sWVRKCVIyN9cPHBJSNnbL67w=
github.com/golang/protobuf v1.4.0/go.mod h1:jodUvKwWbYaEsadDk5Fwe5c77LiNKVO9IDvqG2KuDX0=
github.com/golang/protobuf v1.4.2 h1:+Z5KGCizgyZCbGh1KZqA0fcLLkwbsjIzS4aV2v7wJX0=
github.com/golang/protobuf v1.4.2/go.mod h1:oDoupMAO8OvCJWAcko0GGGIgR6R6ocIYbsSw735rRwI=
github.com/golang/snappy v0.0.1/go.mod h1:/XxbfmMg8lxefKM7IXC3fBNl/7bRcc72aCRzEWrmP2Q=
github.com/google/go-cmp v0.2.0/go.mod h1:oXzfMopK8JAjlY9xF4vHSVASa0yLyX7SntLO5aqRK0M=
github.com/google/go-cmp v0.3.0/go.mod h1:8QqcDgzrUqlUb/G2PQTWiueGozuR1884gddMywk6iLU=
github.com/google/go-cmp v0.3.1/go.mod h1:8QqcDgzrUqlUb/G2PQTWiueGozuR1884gddMywk6iLU=
github.com/google/go-cmp v0.4.0/go.mod h1:v8dTdLbMG2kIc/vJvl+f65V22dbkXbowE6jgT/gNBxE=
github.com/gopherjs/gopherjs v0.0.0-20181017120253-0766667cb4d1/go.mod h1:wJfORRmW1u3UXTncJ5qlYoELFm8eSnnEO6hX4iZ3EWY=
github.com/gorilla/websocket v1.4.0/go.mod h1:E7qHFY5m1UJ88s3WnNqhKjPHQ0heANvMoAMk2YaljkQ=
github.com/gorilla/websocket v1.4.1/go.mod h1:YR8l580nyteQvAITg2hZ9XVh4b55+EU/adAjf1fMHhE=
github.com/gorilla/websocket v1.4.2 h1:+/TMaTYc4QFitKJxsQ7Yye35DkWvkdLcvGKqM+x0Ufc=
github.com/gorilla/websocket v1.4.2/go.mod h1:YR8l580nyteQvAITg2hZ9XVh4b55+EU/adAjf1fMHhE=
github.com/hpcloud/tail v1.0.0/go.mod h1:ab1qPbhIpdTxEkNHXyeSf5vhxWSCs/tWer42PpOxQnU=
github.com/jessevdk/go-flags v0.0.0-20141203071132-1679536dcc89/go.mod h1:4FA24M0QyGHXBuZZK/XkWh8h0e1EYbRYJSGM75WSRxI=
github.com/jessevdk/go-flags v1.4.0 h1:4IU2WS7AumrZ/40jfhf4QVDMsQwqA7VEHozFRrGARJA=
github.com/jessevdk/go-flags v1.4.0/go.mod h1:4FA24M0QyGHXBuZZK/XkWh8h0e1EYbRYJSGM75WSRxI=
github.com/jessevdk/go-flags v1.4.1-0.20200711081900-c17162fe8fd7 h1:Ug59miTxVKVg5Oi2S5uHlKOIV5jBx4Hb2u0jIxxDaSs=
github.com/jessevdk/go-flags v1.4.1-0.20200711081900-c17162fe8fd7/go.mod h1:4FA24M0QyGHXBuZZK/XkWh8h0e1EYbRYJSGM75WSRxI=
github.com/jrick/bitset v1.0.0 h1:Ws0PXV3PwXqWK2n7Vz6idCdrV/9OrBXgHEJi27ZB9Dw=
github.com/jrick/bitset v1.0.0/go.mod h1:ZOYB5Uvkla7wIEY4FEssPVi3IQXa02arznRaYaAEPe4=
github.com/jrick/logrotate v1.0.0 h1:lQ1bL/n9mBNeIXoTUoYRlK4dHuNJVofX9oWqBtPnSzI=
github.com/jrick/logrotate v1.0.0/go.mod h1:LNinyqDIJnpAur+b8yyulnQw/wDuN1+BYKlTRt3OuAQ=
github.com/jrick/wsrpc/v2 v2.0.0/go.mod h1:naH/fojac6vQWYgAA0e7b9TX/bShsWoVL7CwrdvFmUk=
github.com/jrick/wsrpc/v2 v2.2.0/go.mod h1:naH/fojac6vQWYgAA0e7b9TX/bShsWoVL7CwrdvFmUk=
github.com/jrick/wsrpc/v2 v2.3.2/go.mod h1:XPYs8BnRWl99lCvXRM5SLpZmTPqWpSOPkDIqYTwDPfU=
github.com/jrick/wsrpc/v2 v2.3.4 h1:+GzRtp/TyXaSB61pN92lIAVyvdVv0RSqniIEB/rPx1Q=
github.com/jrick/wsrpc/v2 v2.3.4/go.mod h1:XPYs8BnRWl99lCvXRM5SLpZmTPqWpSOPkDIqYTwDPfU=
github.com/jtolds/gls v4.20.0+incompatible/go.mod h1:QJZ7F/aHp+rZTRtaJ1ow/lLfFfVYBRgL+9YlvaHOwJU=
github.com/kisielk/gotool v1.0.0/go.mod h1:XhKaO+MFFWcvkIS/tQcRk01m1F5IRFswLeQ+oQHNcck=
github.com/kkdai/bstream v0.0.0-20161212061736-f391b8402d23/go.mod h1:J+Gs4SYgM6CZQHDETBtE9HaSEkGmuNXF86RwHhHUvq4=
github.com/kkdai/bstream v0.0.0-20181106074824-b3251f7901ec h1:n1NeQ3SgUHyISrjFFoO5dR748Is8dBL9qpaTNfphQrs=
github.com/kkdai/bstream v0.0.0-20181106074824-b3251f7901ec/go.mod h1:J+Gs4SYgM6CZQHDETBtE9HaSEkGmuNXF86RwHhHUvq4=
github.com/kr/pretty v0.1.0/go.mod h1:dAy3ld7l9f0ibDNOQOHHMYYIIbhfbHSm3C4ZsoJORNo=
github.com/kr/pty v1.1.1/go.mod h1:pFQYn66WHrOpPYNljwOMqo10TkYh1fy3cYio2l3bCsQ=
github.com/kr/text v0.1.0/go.mod h1:4Jbv+DJW3UT/LiOwJeYQe1efqtUx/iVham/4vfdArNI=
github.com/lib/pq v1.2.0/go.mod h1:5WUZQaWbwv1U+lTReE5YruASi9Al49XbQIvNi/34Woo=
github.com/lightninglabs/gozmq v0.0.0-20191113021534-d20a764486bf h1:HZKvJUHlcXI/f/O0Avg7t8sqkPo78HFzjmeYFl6DPnc=
github.com/lightninglabs/gozmq v0.0.0-20191113021534-d20a764486bf/go.mod h1:vxmQPeIQxPf6Jf9rM8R+B4rKBqLA2AjttNxkFBL2Plk=
github.com/lightninglabs/neutrino v0.11.0 h1:lPpYFCtsfJX2W5zI4pWycPmbbBdr7zU+BafYdLoD6k0=
github.com/lightninglabs/neutrino v0.11.0/go.mod h1:CuhF0iuzg9Sp2HO6ZgXgayviFTn1QHdSTJlMncK80wg=
github.com/lightningnetwork/lnd/clock v1.0.1 h1:QQod8+m3KgqHdvVMV+2DRNNZS1GRFir8mHZYA+Z2hFo=
github.com/lightningnetwork/lnd/clock v1.0.1/go.mod h1:KnQudQ6w0IAMZi1SgvecLZQZ43ra2vpDNj7H/aasemg=
github.com/lightningnetwork/lnd/queue v1.0.1 h1:jzJKcTy3Nj5lQrooJ3aaw9Lau3I0IwvQR5sqtjdv2R0=
github.com/lightningnetwork/lnd/queue v1.0.1/go.mod h1:vaQwexir73flPW43Mrm7JOgJHmcEFBWWSl9HlyASoms=
github.com/lightningnetwork/lnd/ticker v1.0.0 h1:S1b60TEGoTtCe2A0yeB+ecoj/kkS4qpwh6l+AkQEZwU=
github.com/lightningnetwork/lnd/ticker v1.0.0/go.mod h1:iaLXJiVgI1sPANIF2qYYUJXjoksPNvGNYowB8aRbpX0=
github.com/nxadm/tail v1.4.4/go.mod h1:kenIhsEOeOJmVchQTgglprH7qJGnHDVpk1VPCcaMI8A=
github.com/onsi/ginkgo v1.6.0/go.mod h1:lLunBs/Ym6LB5Z9jYTR76FiuTmxDTDusOGeTQH+WWjE=
github.com/onsi/ginkgo v1.7.0/go.mod h1:lLunBs/Ym6LB5Z9jYTR76FiuTmxDTDusOGeTQH+WWjE=
github.com/onsi/ginkgo v1.12.1/go.mod h1:zj2OWP4+oCPe1qIXoGWkgMRwljMUYCdkwsT2108oapk=
github.com/onsi/ginkgo v1.14.0/go.mod h1:iSB4RoI2tjJc9BBv4NKIKWKya62Rps+oPG/Lv9klQyY=
github.com/onsi/gomega v1.4.1/go.mod h1:C1qb7wdrVGGVU+Z6iS04AVkA3Q65CEZX59MT0QO5uiA=
github.com/onsi/gomega v1.4.3/go.mod h1:ex+gbHU/CVuBBDIJjb2X0qEXbFg53c61hWP/1CpauHY=
github.com/onsi/gomega v1.7.1/go.mod h1:XdKZgCCFLUoM/7CFJVPcG8C1xQ1AJ0vpAezJrB7JYyY=
github.com/onsi/gomega v1.10.1/go.mod h1:iN09h71vgCQne3DLsj+A5owkum+a2tYe+TOCB1ybHNo=
github.com/pmezard/go-difflib v1.0.0/go.mod h1:iKH77koFhYxTK1pcRnkKkqfTogsbg7gZNVY4sRDYZ/4=
github.com/prometheus/client_model v0.0.0-20190812154241-14fe0d1b01d4/go.mod h1:xMI15A0UPsDsEKsMN9yxemIoYk6Tm2C1GtYGdfGttqA=
github.com/smartystreets/assertions v0.0.0-20180927180507-b2de0cb4f26d/go.mod h1:OnSkiWE9lh6wB0YB77sQom3nweQdgAjqCqsofrRNTgc=
github.com/smartystreets/goconvey v1.6.4/go.mod h1:syvi0/a8iFYH4r/RixwvyeAJjdLS9QV7WQ/tjFTllLA=
github.com/stretchr/objx v0.1.0/go.mod h1:HFkY916IF+rwdDfMAkV7OtwuqBVzrE8GR6GFx+wExME=
github.com/stretchr/testify v1.5.1/go.mod h1:5W2xD1RspED5o8YsWQXVCued0rvSQ+mT+I5cxcmMvtA=
github.com/syndtr/goleveldb v1.0.1-0.20200815110645-5c35d600f0ca/go.mod h1:u2MKkTVTVJWe5D1rCvame8WqhBd88EuIwODJZ1VHCPM=
go.etcd.io/bbolt v1.3.3/go.mod h1:IbVyRI1SCnLcuJnV2u8VeU0CEYM7e686BmAb1XKL+uU=
go.etcd.io/bbolt v1.3.5-0.20200615073812-232d8fc87f50 h1:ASw9n1EHMftwnP3Az4XW6e308+gNsrHzmdhd0Olz9Hs=
go.etcd.io/bbolt v1.3.5-0.20200615073812-232d8fc87f50/go.mod h1:G5EMThwa9y8QZGBClrRx5EY+Yw9kAhnjy3bSjsnlVTQ=
go.etcd.io/bbolt v1.3.5 h1:XAzx9gjCb0Rxj7EoqcClPD1d5ZBxZJk0jbuoPHenBt0=
go.etcd.io/bbolt v1.3.5/go.mod h1:G5EMThwa9y8QZGBClrRx5EY+Yw9kAhnjy3bSjsnlVTQ=
golang.org/x/crypto v0.0.0-20170930174604-9419663f5a44/go.mod h1:6SG95UA2DQfeDnfUPMdvaQW0Q7yPrPDi9nlGo2tz2b4=
golang.org/x/crypto v0.0.0-20190211182817-74369b46fc67 h1:ng3VDlRp5/DHpSWl02R4rM9I+8M2rhmsuLwAMmkLQWE=
golang.org/x/crypto v0.0.0-20190211182817-74369b46fc67/go.mod h1:6SG95UA2DQfeDnfUPMdvaQW0Q7yPrPDi9nlGo2tz2b4=
golang.org/x/crypto v0.0.0-20190308221718-c2843e01d9a2/go.mod h1:djNgcEr1/C05ACkg1iLfiJU5Ep61QUkGW8qpdssI0+w=
golang.org/x/crypto v0.0.0-20190611184440-5c40567a22f8/go.mod h1:yigFU9vqHzYiE8UmvKecakEJjdnWj3jj499lnFckfCI=
golang.org/x/crypto v0.0.0-20190820162420-60c769a6c586/go.mod h1:yigFU9vqHzYiE8UmvKecakEJjdnWj3jj499lnFckfCI=
golang.org/x/crypto v0.0.0-20191206172530-e9b2fee46413/go.mod h1:LzIPMQfyMNhhGPhUkYOs5KpL4U8rLKemX1yGLhDgUto=
golang.org/x/crypto v0.0.0-20200115085410-6d4e4cb37c7d/go.mod h1:LzIPMQfyMNhhGPhUkYOs5KpL4U8rLKemX1yGLhDgUto=
golang.org/x/crypto v0.0.0-20200510223506-06a226fb4e37/go.mod h1:LzIPMQfyMNhhGPhUkYOs5KpL4U8rLKemX1yGLhDgUto=
golang.org/x/crypto v0.0.0-20200622213623-75b288015ac9/go.mod h1:LzIPMQfyMNhhGPhUkYOs5KpL4U8rLKemX1yGLhDgUto=
golang.org/x/crypto v0.0.0-20200820211705-5c72a883971a h1:vclmkQCjlDX5OydZ9wv8rBCcS0QyQY66Mpf/7BZbInM=
golang.org/x/crypto v0.0.0-20200820211705-5c72a883971a/go.mod h1:LzIPMQfyMNhhGPhUkYOs5KpL4U8rLKemX1yGLhDgUto=
golang.org/x/crypto v0.0.0-20210220033148-5ea612d1eb83 h1:/ZScEX8SfEmUGRHs0gxpqteO5nfNW6axyZbBdw9A12g=
golang.org/x/crypto v0.0.0-20210220033148-5ea612d1eb83/go.mod h1:jdWPYTVW3xRLrWPugEBEK3UY2ZEsg3UU495nc5E+M+I=
golang.org/x/exp v0.0.0-20190121172915-509febef88a4/go.mod h1:CJ0aWSM057203Lf6IL+f9T1iT9GByDxfZKAQTCR3kQA=
golang.org/x/lint v0.0.0-20180702182130-06c8688daad7/go.mod h1:UVdnD1Gm6xHRNCYTkRU2/jEulfH38KcIWyp/GAMgvoE=
golang.org/x/lint v0.0.0-20181026193005-c67002cb31c3/go.mod h1:UVdnD1Gm6xHRNCYTkRU2/jEulfH38KcIWyp/GAMgvoE=
golang.org/x/lint v0.0.0-20190227174305-5b3e6a55c961/go.mod h1:wehouNa3lNwaWXcvxsM5YxQ5yQlVC4a0KAMCusXpPoU=
golang.org/x/lint v0.0.0-20190313153728-d0100b6bd8b3/go.mod h1:6SW0HCj/g11FgYtHlgUYUwCkIfeOF89ocIRzGO/8vkc=
golang.org/x/net v0.0.0-20180719180050-a680a1efc54d/go.mod h1:mL1N/T3taQHkDXs73rZJwtUhF3w3ftmwwsq0BUmARs4=
golang.org/x/net v0.0.0-20180724234803-3673e40ba225/go.mod h1:mL1N/T3taQHkDXs73rZJwtUhF3w3ftmwwsq0BUmARs4=
golang.org/x/net v0.0.0-20180826012351-8a410e7b638d/go.mod h1:mL1N/T3taQHkDXs73rZJwtUhF3w3ftmwwsq0BUmARs4=
golang.org/x/net v0.0.0-20180906233101-161cd47e91fd/go.mod h1:mL1N/T3taQHkDXs73rZJwtUhF3w3ftmwwsq0BUmARs4=
golang.org/x/net v0.0.0-20181106065722-10aee1819953/go.mod h1:mL1N/T3taQHkDXs73rZJwtUhF3w3ftmwwsq0BUmARs4=
golang.org/x/net v0.0.0-20190206173232-65e2d4e15006 h1:bfLnR+k0tq5Lqt6dflRLcZiz6UaXCMt3vhYJ1l4FQ80=
golang.org/x/net v0.0.0-20190206173232-65e2d4e15006/go.mod h1:mL1N/T3taQHkDXs73rZJwtUhF3w3ftmwwsq0BUmARs4=
golang.org/x/net v0.0.0-20190213061140-3a22650c66bd/go.mod h1:mL1N/T3taQHkDXs73rZJwtUhF3w3ftmwwsq0BUmARs4=
golang.org/x/net v0.0.0-20190311183353-d8887717615a/go.mod h1:t9HGtf8HONx5eT2rtn7q6eTqICYqUVnKs3thJo3Qplg=
golang.org/x/net v0.0.0-20190404232315-eb5bcb51f2a3/go.mod h1:t9HGtf8HONx5eT2rtn7q6eTqICYqUVnKs3thJo3Qplg=
golang.org/x/net v0.0.0-20190813141303-74dc4d7220e7/go.mod h1:z5CRVTTTmAJ677TzLLGU+0bjPO0LkuOLi4/5GtJWs/s=
golang.org/x/net v0.0.0-20200520004742-59133d7f0dd7/go.mod h1:qpuaurCH72eLCgpAm/N6yyVIVM9cpaDIP3A8BGJEC5A=
golang.org/x/net v0.0.0-20200813134508-3edf25e44fcc h1:zK/HqS5bZxDptfPJNq8v7vJfXtkU7r9TLIoSr1bXaP4=
golang.org/x/net v0.0.0-20200813134508-3edf25e44fcc/go.mod h1:/O7V0waA8r7cgGh81Ro3o1hOxt32SMVPicZroKQ2sZA=
golang.org/x/oauth2 v0.0.0-20180821212333-d2e6202438be/go.mod h1:N/0e6XlmueqKjAGxoOufVs8QHGRruUQn6yWY3a++T0U=
golang.org/x/sync v0.0.0-20180314180146-1d60e4601c6f/go.mod h1:RxMgew5VJxzue5/jJTE5uejpjVlOe/izrB70Jof72aM=
golang.org/x/sync v0.0.0-20181108010431-42b317875d0f/go.mod h1:RxMgew5VJxzue5/jJTE5uejpjVlOe/izrB70Jof72aM=
golang.org/x/sync v0.0.0-20181221193216-37e7f081c4d4/go.mod h1:RxMgew5VJxzue5/jJTE5uejpjVlOe/izrB70Jof72aM=
golang.org/x/sync v0.0.0-20190423024810-112230192c58/go.mod h1:RxMgew5VJxzue5/jJTE5uejpjVlOe/izrB70Jof72aM=
golang.org/x/sync v0.0.0-20190911185100-cd5d95a43a6e/go.mod h1:RxMgew5VJxzue5/jJTE5uejpjVlOe/izrB70Jof72aM=
golang.org/x/sync v0.0.0-20200625203802-6e8e738ad208 h1:qwRHBd0NqMbJxfbotnDhm2ByMI1Shq4Y6oRJo21SGJA=
golang.org/x/sync v0.0.0-20200625203802-6e8e738ad208/go.mod h1:RxMgew5VJxzue5/jJTE5uejpjVlOe/izrB70Jof72aM=
golang.org/x/sys v0.0.0-20180830151530-49385e6e1522/go.mod h1:STP8DvDyc/dI5b8T5hshtkjS+E42TnysNCUPdjciGhY=
golang.org/x/sys v0.0.0-20180909124046-d0be0721c37e/go.mod h1:STP8DvDyc/dI5b8T5hshtkjS+E42TnysNCUPdjciGhY=
golang.org/x/sys v0.0.0-20190215142949-d0b11bdaac8a/go.mod h1:STP8DvDyc/dI5b8T5hshtkjS+E42TnysNCUPdjciGhY=
golang.org/x/sys v0.0.0-20190412213103-97732733099d/go.mod h1:h1NjWce9XRLGQEsW7wpKNCjG9DtNlClVuFLEZdDNbEs=
golang.org/x/sys v0.0.0-20190813064441-fde4db37ae7a/go.mod h1:h1NjWce9XRLGQEsW7wpKNCjG9DtNlClVuFLEZdDNbEs=
golang.org/x/sys v0.0.0-20190904154756-749cb33beabd/go.mod h1:h1NjWce9XRLGQEsW7wpKNCjG9DtNlClVuFLEZdDNbEs=
golang.org/x/sys v0.0.0-20191005200804-aed5e4c7ecf9/go.mod h1:h1NjWce9XRLGQEsW7wpKNCjG9DtNlClVuFLEZdDNbEs=
golang.org/x/sys v0.0.0-20191010194322-b09406accb47/go.mod h1:h1NjWce9XRLGQEsW7wpKNCjG9DtNlClVuFLEZdDNbEs=
golang.org/x/sys v0.0.0-20191026070338-33540a1f6037/go.mod h1:h1NjWce9XRLGQEsW7wpKNCjG9DtNlClVuFLEZdDNbEs=
golang.org/x/sys v0.0.0-20191120155948-bd437916bb0e/go.mod h1:h1NjWce9XRLGQEsW7wpKNCjG9DtNlClVuFLEZdDNbEs=
golang.org/x/sys v0.0.0-20200202164722-d101bd2416d5 h1:LfCXLvNmTYH9kEmVgqbnsWfruoXZIrh4YBgqVHtDvw0=
golang.org/x/sys v0.0.0-20200202164722-d101bd2416d5/go.mod h1:h1NjWce9XRLGQEsW7wpKNCjG9DtNlClVuFLEZdDNbEs=
golang.org/x/sys v0.0.0-20200323222414-85ca7c5b95cd/go.mod h1:h1NjWce9XRLGQEsW7wpKNCjG9DtNlClVuFLEZdDNbEs=
golang.org/x/sys v0.0.0-20200519105757-fe76b779f299/go.mod h1:h1NjWce9XRLGQEsW7wpKNCjG9DtNlClVuFLEZdDNbEs=
golang.org/x/sys v0.0.0-20200814200057-3d37ad5750ed h1:J22ig1FUekjjkmZUM7pTKixYm8DvrYsvrBZdunYeIuQ=
golang.org/x/sys v0.0.0-20200814200057-3d37ad5750ed/go.mod h1:h1NjWce9XRLGQEsW7wpKNCjG9DtNlClVuFLEZdDNbEs=
golang.org/x/term v0.0.0-20201117132131-f5c789dd3221 h1:/ZHdbVpdR/jk3g30/d4yUL0JU9kksj8+F/bnQUVLGDM=
golang.org/x/term v0.0.0-20201117132131-f5c789dd3221/go.mod h1:Nr5EML6q2oocZ2LXRh80K7BxOlk5/8JxuGnuhpl+muw=
golang.org/x/text v0.3.0/go.mod h1:NqM8EUOU14njkJ3fqMW+pc6Ldnwhi/IjpwHt7yyuwOQ=
golang.org/x/text v0.3.1-0.20180807135948-17ff2d5776d2 h1:z99zHgr7hKfrUcX/KsoJk5FJfjTceCKIp96+biqP4To=
golang.org/x/text v0.3.1-0.20180807135948-17ff2d5776d2/go.mod h1:NqM8EUOU14njkJ3fqMW+pc6Ldnwhi/IjpwHt7yyuwOQ=
golang.org/x/text v0.3.2/go.mod h1:bEr9sfX3Q8Zfm5fL9x+3itogRgK3+ptLWKqgva+5dAk=
golang.org/x/text v0.3.3 h1:cokOdA+Jmi5PJGXLlLllQSgYigAEfHXJAERHVMaCc2k=
golang.org/x/text v0.3.3/go.mod h1:5Zoc/QRtKVWzQhOtBMvqHzDpF6irO9z98xDceosuGiQ=
golang.org/x/tools v0.0.0-20180828015842-6cd1fcedba52/go.mod h1:n7NCudcB/nEzxVGmLbDWY5pfWTLqBcC2KZ6jyYvM4mQ=
golang.org/x/tools v0.0.0-20180917221912-90fa682c2a6e/go.mod h1:n7NCudcB/nEzxVGmLbDWY5pfWTLqBcC2KZ6jyYvM4mQ=
golang.org/x/tools v0.0.0-20190114222345-bf090417da8b/go.mod h1:n7NCudcB/nEzxVGmLbDWY5pfWTLqBcC2KZ6jyYvM4mQ=
golang.org/x/tools v0.0.0-20190226205152-f727befe758c/go.mod h1:9Yl7xja0Znq3iFh3HoIrodX9oNMXvdceNzlUR8zjMvY=
golang.org/x/tools v0.0.0-20190311212946-11955173bddd/go.mod h1:LCzVGOaR6xXOjkQ3onu1FJEFr0SW1gC7cKk1uF8kGRs=
golang.org/x/tools v0.0.0-20190328211700-ab21143f2384/go.mod h1:LCzVGOaR6xXOjkQ3onu1FJEFr0SW1gC7cKk1uF8kGRs=
golang.org/x/tools v0.0.0-20190524140312-2c0ae7006135/go.mod h1:RgjU9mgBXZiqYHBnxXauZ1Gv1EHHAz9KjViQ78xBX0Q=
golang.org/x/xerrors v0.0.0-20190717185122-a985d3407aa7/go.mod h1:I/5z698sn9Ka8TeJc9MKroUUfqBBauWjQqLJ2OPfmY0=
golang.org/x/xerrors v0.0.0-20191204190536-9bdfabe68543/go.mod h1:I/5z698sn9Ka8TeJc9MKroUUfqBBauWjQqLJ2OPfmY0=
golang.org/x/xerrors v0.0.0-20200804184101-5ec99f83aff1/go.mod h1:I/5z698sn9Ka8TeJc9MKroUUfqBBauWjQqLJ2OPfmY0=
google.golang.org/appengine v1.1.0/go.mod h1:EbEs0AVv82hx2wNQdGPgUI5lhzA/G0D9YwlJXL52JkM=
google.golang.org/appengine v1.4.0/go.mod h1:xpcJRLb0r/rnEns0DIKYYv+WjYCduHsrkT7/EB5XEv4=
google.golang.org/genproto v0.0.0-20180817151627-c66870c02cf8/go.mod h1:JiN7NxoALGmiZfu7CAH4rXhgtRTLTxftemlI0sWmxmc=
google.golang.org/genproto v0.0.0-20190201180003-4b09977fb922 h1:mBVYJnbrXLA/ZCBTCe7PtEgAUP+1bg92qTaFoPHdz+8=
google.golang.org/genproto v0.0.0-20190201180003-4b09977fb922/go.mod h1:L3J43x8/uS+qIUoksaLKe6OS3nUKxOKuIFz1sl2/jx4=
google.golang.org/genproto v0.0.0-20190819201941-24fa4b261c55 h1:gSJIx1SDwno+2ElGhA4+qG2zF97qiUzTM+rQ0klBOcE=
google.golang.org/genproto v0.0.0-20190819201941-24fa4b261c55/go.mod h1:DMBHOl98Agz4BDEuKkezgsaosCRResVns1a3J2ZsMNc=
google.golang.org/grpc v1.16.0/go.mod h1:0JHn/cJsOMiMfNA9+DeHDlAU7KAAB5GDlYFpa9MZMio=
google.golang.org/grpc v1.18.0 h1:IZl7mfBGfbhYx2p2rKRtYgDFw6SBz+kclmxYrCksPPA=
google.golang.org/grpc v1.18.0/go.mod h1:6QZJwpn2B+Zp71q/5VxRsJ6NXXVCE5NRUHRo+f3cWCs=
google.golang.org/grpc v1.19.0/go.mod h1:mqu4LbDTu4XGKhr4mRzUsmM4RtVoemTSY81AxZiDr8c=
google.golang.org/grpc v1.23.0/go.mod h1:Y5yQAOtifL1yxbo5wqy6BxZv8vAUGQwXBOALyacEbxg=
google.golang.org/grpc v1.25.1/go.mod h1:c3i+UQWmh7LiEpx4sFZnkU36qjEYZ0imhYfXVyQciAY=
google.golang.org/grpc v1.32.0 h1:zWTV+LMdc3kaiJMSTOFz2UgSBgx8RNQoTGiZu3fR9S0=
google.golang.org/grpc v1.32.0/go.mod h1:N36X2cJ7JwdamYAgDz+s+rVMFjt3numwzf/HckM8pak=
google.golang.org/protobuf v0.0.0-20200109180630-ec00e32a8dfd/go.mod h1:DFci5gLYBciE7Vtevhsrf46CRTquxDuWsQurQQe4oz8=
google.golang.org/protobuf v0.0.0-20200221191635-4d8936d0db64/go.mod h1:kwYJMbMJ01Woi6D6+Kah6886xMZcty6N08ah7+eCXa0=
google.golang.org/protobuf v0.0.0-20200228230310-ab0ca4ff8a60/go.mod h1:cfTl7dwQJ+fmap5saPgwCLgHXTUD7jkjRqWcaiX5VyM=
google.golang.org/protobuf v1.20.1-0.20200309200217-e05f789c0967/go.mod h1:A+miEFZTKqfCUM6K7xSMQL9OKL/b6hQv+e19PK+JZNE=
google.golang.org/protobuf v1.21.0/go.mod h1:47Nbq4nVaFHyn7ilMalzfO3qCViNmqZ2kzikPIcrTAo=
google.golang.org/protobuf v1.23.0 h1:4MY060fB1DLGMB/7MBTLnwQUY6+F09GEiz6SsrNqyzM=
google.golang.org/protobuf v1.23.0/go.mod h1:EGpADcykh3NcUnDUJcl1+ZksZNG86OlYog2l/sGQquU=
gopkg.in/check.v1 v0.0.0-20161208181325-20d25e280405/go.mod h1:Co6ibVJAznAaIkqp8huTwlJQCZ016jof/cbN4VW5Yz0=
gopkg.in/check.v1 v1.0.0-20180628173108-788fd7840127/go.mod h1:Co6ibVJAznAaIkqp8huTwlJQCZ016jof/cbN4VW5Yz0=
gopkg.in/fsnotify.v1 v1.4.7/go.mod h1:Tz8NjZHkW78fSQdbUxIjBTcgA1z1m8ZHf0WmKUhAMys=
gopkg.in/ini.v1 v1.55.0/go.mod h1:pNLf8WUiyNEtQjuu5G5vTm06TEv9tsIgeAvK8hOrP4k=
gopkg.in/tomb.v1 v1.0.0-20141024135613-dd632973f1e7/go.mod h1:dt/ZhP58zS4L8KSrWDmTeBkI65Dw0HsyUHuEVlX15mw=
gopkg.in/yaml.v2 v2.2.1/go.mod h1:hI93XBmqTisBFMUTm0b8Fm+jr3Dg1NNxqwp+5A1VGuI=
gopkg.in/yaml.v2 v2.2.2/go.mod h1:hI93XBmqTisBFMUTm0b8Fm+jr3Dg1NNxqwp+5A1VGuI=
gopkg.in/yaml.v2 v2.2.4/go.mod h1:hI93XBmqTisBFMUTm0b8Fm+jr3Dg1NNxqwp+5A1VGuI=
gopkg.in/yaml.v2 v2.3.0/go.mod h1:hI93XBmqTisBFMUTm0b8Fm+jr3Dg1NNxqwp+5A1VGuI=
honnef.co/go/tools v0.0.0-20180728063816-88497007e858/go.mod h1:rf3lG4BRIbNafJWhAfAdb/ePZxsR/4RtNHQocxwk9r4=
honnef.co/go/tools v0.0.0-20190102054323-c2f93a96b099/go.mod h1:rf3lG4BRIbNafJWhAfAdb/ePZxsR/4RtNHQocxwk9r4=
honnef.co/go/tools v0.0.0-20190523083050-ea95bdfd59fc/go.mod h1:rf3lG4BRIbNafJWhAfAdb/ePZxsR/4RtNHQocxwk9r4=
